
Microsoft Visual Studio Solution File, Format Version 12.00
# Visual Studio 14
VisualStudioVersion = 14.0.25123.0
MinimumVisualStudioVersion = 10.0.40219.1
Project("{FAE04EC0-301F-11D3-BF4B-00C04F79EFBC}") = "Frends.Web", "Frends.Web\Frends.Web.csproj", "{51BC29BA-0E0F-4FCB-8C5E-786BB57012AA}"
EndProject
Project("{FAE04EC0-301F-11D3-BF4B-00C04F79EFBC}") = "Frends.Web.Tests", "Frends.Web.Tests\Frends.Web.Tests.csproj", "{0BCE9C87-C382-42FE-9E79-10B355365CCA}"
EndProject
Project("{2150E333-8FDC-42A3-9474-1A3956D46DE8}") = "Solution Items", "Solution Items", "{9B283FEB-21A2-4388-AB2B-4279009AA4DE}"
	ProjectSection(SolutionItems) = preProject
		nuspec\Frends.Web.nuspec = nuspec\Frends.Web.nuspec
		README.md = README.md
	EndProjectSection
EndProject
Global
	GlobalSection(SolutionConfigurationPlatforms) = preSolution
		Debug|Any CPU = Debug|Any CPU
		Release|Any CPU = Release|Any CPU
	EndGlobalSection
	GlobalSection(ProjectConfigurationPlatforms) = postSolution
		{51BC29BA-0E0F-4FCB-8C5E-786BB57012AA}.Debug|Any CPU.ActiveCfg = Debug|Any CPU
		{51BC29BA-0E0F-4FCB-8C5E-786BB57012AA}.Debug|Any CPU.Build.0 = Debug|Any CPU
		{51BC29BA-0E0F-4FCB-8C5E-786BB57012AA}.Release|Any CPU.ActiveCfg = Release|Any CPU
		{51BC29BA-0E0F-4FCB-8C5E-786BB57012AA}.Release|Any CPU.Build.0 = Release|Any CPU
		{0BCE9C87-C382-42FE-9E79-10B355365CCA}.Debug|Any CPU.ActiveCfg = Debug|Any CPU
		{0BCE9C87-C382-42FE-9E79-10B355365CCA}.Debug|Any CPU.Build.0 = Debug|Any CPU
		{0BCE9C87-C382-42FE-9E79-10B355365CCA}.Release|Any CPU.ActiveCfg = Release|Any CPU
		{0BCE9C87-C382-42FE-9E79-10B355365CCA}.Release|Any CPU.Build.0 = Release|Any CPU
	EndGlobalSection
	GlobalSection(SolutionProperties) = preSolution
		HideSolutionNode = FALSE
	EndGlobalSection
EndGlobal
