
Microsoft Visual Studio Solution File, Format Version 12.00
# Visual Studio 15
VisualStudioVersion = 15.0.28010.2016
MinimumVisualStudioVersion = 10.0.40219.1
Project("{9A19103F-16F7-4668-BE54-9A1E7A4F7556}") = "Frends.Web", "Frends.Web\Frends.Web.csproj", "{725B495F-5378-41B4-ABCD-3578B4504395}"
EndProject
Project("{9A19103F-16F7-4668-BE54-9A1E7A4F7556}") = "Frends.Web.Tests", "Frends.Web.Tests\Frends.Web.Tests.csproj", "{EE5A1778-6D63-4FB6-8A21-D85CD7C148E0}"
EndProject
Global
	GlobalSection(SolutionConfigurationPlatforms) = preSolution
		Debug|Any CPU = Debug|Any CPU
		Release|Any CPU = Release|Any CPU
	EndGlobalSection
	GlobalSection(ProjectConfigurationPlatforms) = postSolution
		{725B495F-5378-41B4-ABCD-3578B4504395}.Debug|Any CPU.ActiveCfg = Debug|Any CPU
		{725B495F-5378-41B4-ABCD-3578B4504395}.Debug|Any CPU.Build.0 = Debug|Any CPU
		{725B495F-5378-41B4-ABCD-3578B4504395}.Release|Any CPU.ActiveCfg = Release|Any CPU
		{725B495F-5378-41B4-ABCD-3578B4504395}.Release|Any CPU.Build.0 = Release|Any CPU
		{EE5A1778-6D63-4FB6-8A21-D85CD7C148E0}.Debug|Any CPU.ActiveCfg = Debug|Any CPU
		{EE5A1778-6D63-4FB6-8A21-D85CD7C148E0}.Debug|Any CPU.Build.0 = Debug|Any CPU
		{EE5A1778-6D63-4FB6-8A21-D85CD7C148E0}.Release|Any CPU.ActiveCfg = Release|Any CPU
		{EE5A1778-6D63-4FB6-8A21-D85CD7C148E0}.Release|Any CPU.Build.0 = Release|Any CPU
	EndGlobalSection
	GlobalSection(SolutionProperties) = preSolution
		HideSolutionNode = FALSE
	EndGlobalSection
	GlobalSection(ExtensibilityGlobals) = postSolution
		SolutionGuid = {A25A2D29-661E-4E32-9AA8-559BF5638DF4}
	EndGlobalSection
EndGlobal
